// !$*UTF8*$!
{
	archiveVersion = 1;
	classes = {
	};
	objectVersion = 46;
	objects = {

/* Begin PBXBuildFile section */
		2720F74D064D0A8E9B2A420E /* Pods_RNDemo.framework in Frameworks */ = {isa = PBXBuildFile; fileRef = C08411C8B74E207543E84A4A /* Pods_RNDemo.framework */; };
		E119F3C01ECEC99700B3AA72 /* AppDelegate.swift in Sources */ = {isa = PBXBuildFile; fileRef = E119F3BF1ECEC99700B3AA72 /* AppDelegate.swift */; };
		E119F3C71ECEC99700B3AA72 /* Assets.xcassets in Resources */ = {isa = PBXBuildFile; fileRef = E119F3C61ECEC99700B3AA72 /* Assets.xcassets */; };
		E119F3CA1ECEC99700B3AA72 /* LaunchScreen.storyboard in Resources */ = {isa = PBXBuildFile; fileRef = E119F3C81ECEC99700B3AA72 /* LaunchScreen.storyboard */; };
		E119F3E41ECED84400B3AA72 /* RNModuleManager.swift in Sources */ = {isa = PBXBuildFile; fileRef = E119F3E31ECED84400B3AA72 /* RNModuleManager.swift */; };
		E150D0861ED6DC8E002DA471 /* JSEventEmitter.swift in Sources */ = {isa = PBXBuildFile; fileRef = E150D0851ED6DC8E002DA471 /* JSEventEmitter.swift */; };
		E150D0951ED6EADE002DA471 /* EventEmitterBridge.m in Sources */ = {isa = PBXBuildFile; fileRef = E150D0941ED6EADE002DA471 /* EventEmitterBridge.m */; };
/* End PBXBuildFile section */

/* Begin PBXFileReference section */
		61C1621EC58C323F020804F5 /* Pods-RNDemo.debug.xcconfig */ = {isa = PBXFileReference; includeInIndex = 1; lastKnownFileType = text.xcconfig; name = "Pods-RNDemo.debug.xcconfig"; path = "Pods/Target Support Files/Pods-RNDemo/Pods-RNDemo.debug.xcconfig"; sourceTree = "<group>"; };
		C08411C8B74E207543E84A4A /* Pods_RNDemo.framework */ = {isa = PBXFileReference; explicitFileType = wrapper.framework; includeInIndex = 0; path = Pods_RNDemo.framework; sourceTree = BUILT_PRODUCTS_DIR; };
		E119F3BC1ECEC99700B3AA72 /* RNDemo.app */ = {isa = PBXFileReference; explicitFileType = wrapper.application; includeInIndex = 0; path = RNDemo.app; sourceTree = BUILT_PRODUCTS_DIR; };
		E119F3BF1ECEC99700B3AA72 /* AppDelegate.swift */ = {isa = PBXFileReference; lastKnownFileType = sourcecode.swift; path = AppDelegate.swift; sourceTree = "<group>"; };
		E119F3C61ECEC99700B3AA72 /* Assets.xcassets */ = {isa = PBXFileReference; lastKnownFileType = folder.assetcatalog; path = Assets.xcassets; sourceTree = "<group>"; };
		E119F3C91ECEC99700B3AA72 /* Base */ = {isa = PBXFileReference; lastKnownFileType = file.storyboard; name = Base; path = Base.lproj/LaunchScreen.storyboard; sourceTree = "<group>"; };
		E119F3CB1ECEC99700B3AA72 /* Info.plist */ = {isa = PBXFileReference; lastKnownFileType = text.plist.xml; path = Info.plist; sourceTree = "<group>"; };
		E119F3E31ECED84400B3AA72 /* RNModuleManager.swift */ = {isa = PBXFileReference; fileEncoding = 4; lastKnownFileType = sourcecode.swift; path = RNModuleManager.swift; sourceTree = "<group>"; };
		E150D0851ED6DC8E002DA471 /* JSEventEmitter.swift */ = {isa = PBXFileReference; fileEncoding = 4; lastKnownFileType = sourcecode.swift; path = JSEventEmitter.swift; sourceTree = "<group>"; };
		E150D0941ED6EADE002DA471 /* EventEmitterBridge.m */ = {isa = PBXFileReference; fileEncoding = 4; lastKnownFileType = sourcecode.c.objc; path = EventEmitterBridge.m; sourceTree = "<group>"; };
		FEE96239B66C838ED2BF32E2 /* Pods-RNDemo.release.xcconfig */ = {isa = PBXFileReference; includeInIndex = 1; lastKnownFileType = text.xcconfig; name = "Pods-RNDemo.release.xcconfig"; path = "Pods/Target Support Files/Pods-RNDemo/Pods-RNDemo.release.xcconfig"; sourceTree = "<group>"; };
/* End PBXFileReference section */

/* Begin PBXFrameworksBuildPhase section */
		E119F3B91ECEC99700B3AA72 /* Frameworks */ = {
			isa = PBXFrameworksBuildPhase;
			buildActionMask = 2147483647;
			files = (
				2720F74D064D0A8E9B2A420E /* Pods_RNDemo.framework in Frameworks */,
			);
			runOnlyForDeploymentPostprocessing = 0;
		};
/* End PBXFrameworksBuildPhase section */

/* Begin PBXGroup section */
		08A54BD3DB46472449A6AB15 /* Frameworks */ = {
			isa = PBXGroup;
			children = (
				C08411C8B74E207543E84A4A /* Pods_RNDemo.framework */,
			);
			name = Frameworks;
			sourceTree = "<group>";
		};
		AA528EBCFE78EB6F09AEE818 /* Pods */ = {
			isa = PBXGroup;
			children = (
				61C1621EC58C323F020804F5 /* Pods-RNDemo.debug.xcconfig */,
				FEE96239B66C838ED2BF32E2 /* Pods-RNDemo.release.xcconfig */,
			);
			name = Pods;
			sourceTree = "<group>";
		};
		E119F3B31ECEC99700B3AA72 = {
			isa = PBXGroup;
			children = (
				E119F3BE1ECEC99700B3AA72 /* RNDemo */,
				E119F3BD1ECEC99700B3AA72 /* Products */,
				AA528EBCFE78EB6F09AEE818 /* Pods */,
				08A54BD3DB46472449A6AB15 /* Frameworks */,
			);
			sourceTree = "<group>";
		};
		E119F3BD1ECEC99700B3AA72 /* Products */ = {
			isa = PBXGroup;
			children = (
				E119F3BC1ECEC99700B3AA72 /* RNDemo.app */,
			);
			name = Products;
			sourceTree = "<group>";
		};
		E119F3BE1ECEC99700B3AA72 /* RNDemo */ = {
			isa = PBXGroup;
			children = (
				E119F3E21ECED83500B3AA72 /* ReactNative */,
				E119F3D11ECECFB400B3AA72 /* ViewControllers */,
				E119F3BF1ECEC99700B3AA72 /* AppDelegate.swift */,
				E119F3C61ECEC99700B3AA72 /* Assets.xcassets */,
				E119F3C81ECEC99700B3AA72 /* LaunchScreen.storyboard */,
				E119F3CB1ECEC99700B3AA72 /* Info.plist */,
			);
			path = RNDemo;
			sourceTree = "<group>";
		};
		E119F3D11ECECFB400B3AA72 /* ViewControllers */ = {
			isa = PBXGroup;
			children = (
				E150D0851ED6DC8E002DA471 /* JSEventEmitter.swift */,
				E150D0941ED6EADE002DA471 /* EventEmitterBridge.m */,
			);
			name = ViewControllers;
			sourceTree = "<group>";
		};
		E119F3E21ECED83500B3AA72 /* ReactNative */ = {
			isa = PBXGroup;
			children = (
				E119F3E31ECED84400B3AA72 /* RNModuleManager.swift */,
			);
			name = ReactNative;
			sourceTree = "<group>";
		};
/* End PBXGroup section */

/* Begin PBXNativeTarget section */
		E119F3BB1ECEC99700B3AA72 /* RNDemo */ = {
			isa = PBXNativeTarget;
			buildConfigurationList = E119F3CE1ECEC99700B3AA72 /* Build configuration list for PBXNativeTarget "RNDemo" */;
			buildPhases = (
				017BA7238DE1C9BAD5DFB44E /* [CP] Check Pods Manifest.lock */,
				E119F3B81ECEC99700B3AA72 /* Sources */,
				E119F3B91ECEC99700B3AA72 /* Frameworks */,
				E119F3BA1ECEC99700B3AA72 /* Resources */,
				569BBCC4CD0CEA223070D5E1 /* [CP] Embed Pods Frameworks */,
				B7E05C402AC712EF834DF806 /* [CP] Copy Pods Resources */,
			);
			buildRules = (
			);
			dependencies = (
			);
			name = RNDemo;
			productName = RNDemo;
			productReference = E119F3BC1ECEC99700B3AA72 /* RNDemo.app */;
			productType = "com.apple.product-type.application";
		};
/* End PBXNativeTarget section */

/* Begin PBXProject section */
		E119F3B41ECEC99700B3AA72 /* Project object */ = {
			isa = PBXProject;
			attributes = {
				LastSwiftUpdateCheck = 0830;
				LastUpgradeCheck = 0830;
				ORGANIZATIONNAME = Chicv;
				TargetAttributes = {
					E119F3BB1ECEC99700B3AA72 = {
						CreatedOnToolsVersion = 8.3.2;
						DevelopmentTeam = 67GS2ZN438;
						ProvisioningStyle = Automatic;
					};
				};
			};
			buildConfigurationList = E119F3B71ECEC99700B3AA72 /* Build configuration list for PBXProject "RNDemo" */;
			compatibilityVersion = "Xcode 3.2";
			developmentRegion = English;
			hasScannedForEncodings = 0;
			knownRegions = (
				en,
				Base,
			);
			mainGroup = E119F3B31ECEC99700B3AA72;
			productRefGroup = E119F3BD1ECEC99700B3AA72 /* Products */;
			projectDirPath = "";
			projectRoot = "";
			targets = (
				E119F3BB1ECEC99700B3AA72 /* RNDemo */,
			);
		};
/* End PBXProject section */

/* Begin PBXResourcesBuildPhase section */
		E119F3BA1ECEC99700B3AA72 /* Resources */ = {
			isa = PBXResourcesBuildPhase;
			buildActionMask = 2147483647;
			files = (
				E119F3CA1ECEC99700B3AA72 /* LaunchScreen.storyboard in Resources */,
				E119F3C71ECEC99700B3AA72 /* Assets.xcassets in Resources */,
			);
			runOnlyForDeploymentPostprocessing = 0;
		};
/* End PBXResourcesBuildPhase section */

/* Begin PBXShellScriptBuildPhase section */
		017BA7238DE1C9BAD5DFB44E /* [CP] Check Pods Manifest.lock */ = {
			isa = PBXShellScriptBuildPhase;
			buildActionMask = 2147483647;
			files = (
			);
			inputPaths = (
			);
			name = "[CP] Check Pods Manifest.lock";
			outputPaths = (
			);
			runOnlyForDeploymentPostprocessing = 0;
			shellPath = /bin/sh;
			shellScript = "diff \"${PODS_ROOT}/../Podfile.lock\" \"${PODS_ROOT}/Manifest.lock\" > /dev/null\nif [ $? != 0 ] ; then\n    # print error to STDERR\n    echo \"error: The sandbox is not in sync with the Podfile.lock. Run 'pod install' or update your CocoaPods installation.\" >&2\n    exit 1\nfi\n";
			showEnvVarsInLog = 0;
		};
		569BBCC4CD0CEA223070D5E1 /* [CP] Embed Pods Frameworks */ = {
			isa = PBXShellScriptBuildPhase;
			buildActionMask = 2147483647;
			files = (
			);
			inputPaths = (
			);
			name = "[CP] Embed Pods Frameworks";
			outputPaths = (
			);
			runOnlyForDeploymentPostprocessing = 0;
			shellPath = /bin/sh;
			shellScript = "\"${SRCROOT}/Pods/Target Support Files/Pods-RNDemo/Pods-RNDemo-frameworks.sh\"\n";
			showEnvVarsInLog = 0;
		};
		B7E05C402AC712EF834DF806 /* [CP] Copy Pods Resources */ = {
			isa = PBXShellScriptBuildPhase;
			buildActionMask = 2147483647;
			files = (
			);
			inputPaths = (
			);
			name = "[CP] Copy Pods Resources";
			outputPaths = (
			);
			runOnlyForDeploymentPostprocessing = 0;
			shellPath = /bin/sh;
			shellScript = "\"${SRCROOT}/Pods/Target Support Files/Pods-RNDemo/Pods-RNDemo-resources.sh\"\n";
			showEnvVarsInLog = 0;
		};
/* End PBXShellScriptBuildPhase section */

/* Begin PBXSourcesBuildPhase section */
		E119F3B81ECEC99700B3AA72 /* Sources */ = {
			isa = PBXSourcesBuildPhase;
			buildActionMask = 2147483647;
			files = (
				E150D0951ED6EADE002DA471 /* EventEmitterBridge.m in Sources */,
				E119F3E41ECED84400B3AA72 /* RNModuleManager.swift in Sources */,
				E150D0861ED6DC8E002DA471 /* JSEventEmitter.swift in Sources */,
				E119F3C01ECEC99700B3AA72 /* AppDelegate.swift in Sources */,
			);
			runOnlyForDeploymentPostprocessing = 0;
		};
/* End PBXSourcesBuildPhase section */

/* Begin PBXVariantGroup section */
		E119F3C81ECEC99700B3AA72 /* LaunchScreen.storyboard */ = {
			isa = PBXVariantGroup;
			children = (
				E119F3C91ECEC99700B3AA72 /* Base */,
			);
			name = LaunchScreen.storyboard;
			sourceTree = "<group>";
		};
/* End PBXVariantGroup section */

/* Begin XCBuildConfiguration section */
		E119F3CC1ECEC99700B3AA72 /* Debug */ = {
			isa = XCBuildConfiguration;
			buildSettings = {
				ALWAYS_SEARCH_USER_PATHS = NO;
				CLANG_ANALYZER_NONNULL = YES;
				CLANG_ANALYZER_NUMBER_OBJECT_CONVERSION = YES_AGGRESSIVE;
				CLANG_CXX_LANGUAGE_STANDARD = "gnu++0x";
				CLANG_CXX_LIBRARY = "libc++";
				CLANG_ENABLE_MODULES = YES;
				CLANG_ENABLE_OBJC_ARC = YES;
				CLANG_WARN_BOOL_CONVERSION = YES;
				CLANG_WARN_CONSTANT_CONVERSION = YES;
				CLANG_WARN_DIRECT_OBJC_ISA_USAGE = YES_ERROR;
				CLANG_WARN_DOCUMENTATION_COMMENTS = YES;
				CLANG_WARN_EMPTY_BODY = YES;
				CLANG_WARN_ENUM_CONVERSION = YES;
				CLANG_WARN_INFINITE_RECURSION = YES;
				CLANG_WARN_INT_CONVERSION = YES;
				CLANG_WARN_OBJC_ROOT_CLASS = YES_ERROR;
				CLANG_WARN_SUSPICIOUS_MOVE = YES;
				CLANG_WARN_UNREACHABLE_CODE = YES;
				CLANG_WARN__DUPLICATE_METHOD_MATCH = YES;
				"CODE_SIGN_IDENTITY[sdk=iphoneos*]" = "iPhone Developer";
				COPY_PHASE_STRIP = NO;
				DEBUG_INFORMATION_FORMAT = dwarf;
				ENABLE_STRICT_OBJC_MSGSEND = YES;
				ENABLE_TESTABILITY = YES;
				GCC_C_LANGUAGE_STANDARD = gnu99;
				GCC_DYNAMIC_NO_PIC = NO;
				GCC_NO_COMMON_BLOCKS = YES;
				GCC_OPTIMIZATION_LEVEL = 0;
				GCC_PREPROCESSOR_DEFINITIONS = (
					"DEBUG=1",
					"$(inherited)",
				);
				GCC_WARN_64_TO_32_BIT_CONVERSION = YES;
				GCC_WARN_ABOUT_RETURN_TYPE = YES_ERROR;
				GCC_WARN_UNDECLARED_SELECTOR = YES;
				GCC_WARN_UNINITIALIZED_AUTOS = YES_AGGRESSIVE;
				GCC_WARN_UNUSED_FUNCTION = YES;
				GCC_WARN_UNUSED_VARIABLE = YES;
				IPHONEOS_DEPLOYMENT_TARGET = 10.3;
				MTL_ENABLE_DEBUG_INFO = YES;
				ONLY_ACTIVE_ARCH = YES;
				SDKROOT = iphoneos;
				SWIFT_ACTIVE_COMPILATION_CONDITIONS = DEBUG;
				SWIFT_OPTIMIZATION_LEVEL = "-Onone";
			};
			name = Debug;
		};
		E119F3CD1ECEC99700B3AA72 /* Release */ = {
			isa = XCBuildConfiguration;
			buildSettings = {
				ALWAYS_SEARCH_USER_PATHS = NO;
				CLANG_ANALYZER_NONNULL = YES;
				CLANG_ANALYZER_NUMBER_OBJECT_CONVERSION = YES_AGGRESSIVE;
				CLANG_CXX_LANGUAGE_STANDARD = "gnu++0x";
				CLANG_CXX_LIBRARY = "libc++";
				CLANG_ENABLE_MODULES = YES;
				CLANG_ENABLE_OBJC_ARC = YES;
				CLANG_WARN_BOOL_CONVERSION = YES;
				CLANG_WARN_CONSTANT_CONVERSION = YES;
				CLANG_WARN_DIRECT_OBJC_ISA_USAGE = YES_ERROR;
				CLANG_WARN_DOCUMENTATION_COMMENTS = YES;
				CLANG_WARN_EMPTY_BODY = YES;
				CLANG_WARN_ENUM_CONVERSION = YES;
				CLANG_WARN_INFINITE_RECURSION = YES;
				CLANG_WARN_INT_CONVERSION = YES;
				CLANG_WARN_OBJC_ROOT_CLASS = YES_ERROR;
				CLANG_WARN_SUSPICIOUS_MOVE = YES;
				CLANG_WARN_UNREACHABLE_CODE = YES;
				CLANG_WARN__DUPLICATE_METHOD_MATCH = YES;
				"CODE_SIGN_IDENTITY[sdk=iphoneos*]" = "iPhone Developer";
				COPY_PHASE_STRIP = NO;
				DEBUG_INFORMATION_FORMAT = "dwarf-with-dsym";
				ENABLE_NS_ASSERTIONS = NO;
				ENABLE_STRICT_OBJC_MSGSEND = YES;
				GCC_C_LANGUAGE_STANDARD = gnu99;
				GCC_NO_COMMON_BLOCKS = YES;
				GCC_WARN_64_TO_32_BIT_CONVERSION = YES;
				GCC_WARN_ABOUT_RETURN_TYPE = YES_ERROR;
				GCC_WARN_UNDECLARED_SELECTOR = YES;
				GCC_WARN_UNINITIALIZED_AUTOS = YES_AGGRESSIVE;
				GCC_WARN_UNUSED_FUNCTION = YES;
				GCC_WARN_UNUSED_VARIABLE = YES;
				IPHONEOS_DEPLOYMENT_TARGET = 10.3;
				MTL_ENABLE_DEBUG_INFO = NO;
				SDKROOT = iphoneos;
				SWIFT_OPTIMIZATION_LEVEL = "-Owholemodule";
				VALIDATE_PRODUCT = YES;
			};
			name = Release;
		};
		E119F3CF1ECEC99700B3AA72 /* Debug */ = {
			isa = XCBuildConfiguration;
			baseConfigurationReference = 61C1621EC58C323F020804F5 /* Pods-RNDemo.debug.xcconfig */;
			buildSettings = {
				ASSETCATALOG_COMPILER_APPICON_NAME = AppIcon;
				DEVELOPMENT_TEAM = 67GS2ZN438;
				INFOPLIST_FILE = RNDemo/Info.plist;
				LD_RUNPATH_SEARCH_PATHS = "$(inherited) @executable_path/Frameworks";
				PRODUCT_BUNDLE_IDENTIFIER = com.chicv.RNDemo;
				PRODUCT_NAME = "$(TARGET_NAME)";
				SWIFT_VERSION = 3.0;
			};
			name = Debug;
		};
		E119F3D01ECEC99700B3AA72 /* Release */ = {
			isa = XCBuildConfiguration;
			baseConfigurationReference = FEE96239B66C838ED2BF32E2 /* Pods-RNDemo.release.xcconfig */;
			buildSettings = {
				ASSETCATALOG_COMPILER_APPICON_NAME = AppIcon;
				DEVELOPMENT_TEAM = 67GS2ZN438;
				INFOPLIST_FILE = RNDemo/Info.plist;
				LD_RUNPATH_SEARCH_PATHS = "$(inherited) @executable_path/Frameworks";
				PRODUCT_BUNDLE_IDENTIFIER = com.chicv.RNDemo;
				PRODUCT_NAME = "$(TARGET_NAME)";
				SWIFT_VERSION = 3.0;
			};
			name = Release;
		};
/* End XCBuildConfiguration section */

/* Begin XCConfigurationList section */
		E119F3B71ECEC99700B3AA72 /* Build configuration list for PBXProject "RNDemo" */ = {
			isa = XCConfigurationList;
			buildConfigurations = (
				E119F3CC1ECEC99700B3AA72 /* Debug */,
				E119F3CD1ECEC99700B3AA72 /* Release */,
			);
			defaultConfigurationIsVisible = 0;
			defaultConfigurationName = Release;
		};
		E119F3CE1ECEC99700B3AA72 /* Build configuration list for PBXNativeTarget "RNDemo" */ = {
			isa = XCConfigurationList;
			buildConfigurations = (
				E119F3CF1ECEC99700B3AA72 /* Debug */,
				E119F3D01ECEC99700B3AA72 /* Release */,
			);
			defaultConfigurationIsVisible = 0;
			defaultConfigurationName = Release;
		};
/* End XCConfigurationList section */
	};
	rootObject = E119F3B41ECEC99700B3AA72 /* Project object */;
}
